
Microsoft Visual Studio Solution File, Format Version 11.00
# Visual Studio 2010
Project("{FAE04EC0-301F-11D3-BF4B-00C04F79EFBC}") = "Assembly-CSharp", "Assembly-CSharp.csproj", "{a6fda5df-d6ca-6be3-fb18-672d447a41a0}"
EndProject
Project("{FAE04EC0-301F-11D3-BF4B-00C04F79EFBC}") = "Assembly-CSharp-Editor-firstpass", "Assembly-CSharp-Editor-firstpass.csproj", "{a0f0e4e0-bda9-30a0-e42d-f12ce3181dd5}"
EndProject
Global
	GlobalSection(SolutionConfigurationPlatforms) = preSolution
		Debug|Any CPU = Debug|Any CPU
	EndGlobalSection
	GlobalSection(ProjectConfigurationPlatforms) = postSolution
		{a6fda5df-d6ca-6be3-fb18-672d447a41a0}.Debug|Any CPU.ActiveCfg = Debug|Any CPU
		{a6fda5df-d6ca-6be3-fb18-672d447a41a0}.Debug|Any CPU.Build.0 = Debug|Any CPU
		{a0f0e4e0-bda9-30a0-e42d-f12ce3181dd5}.Debug|Any CPU.ActiveCfg = Debug|Any CPU
		{a0f0e4e0-bda9-30a0-e42d-f12ce3181dd5}.Debug|Any CPU.Build.0 = Debug|Any CPU
	EndGlobalSection
	GlobalSection(SolutionProperties) = preSolution
		HideSolutionNode = FALSE
	EndGlobalSection
EndGlobal
